
Microsoft Visual Studio Solution File, Format Version 12.00
Project("{FAE04EC0-301F-11D3-BF4B-00C04F79EFBC}") = "0026.Remove_Duplicates_from_Sorted_Array", "0026.Remove_Duplicates_from_Sorted_Array\0026.Remove_Duplicates_from_Sorted_Array.csproj", "{FD2E33D1-DCB8-4BAD-96D7-17BEA848991E}"
EndProject
Project("{FAE04EC0-301F-11D3-BF4B-00C04F79EFBC}") = "1_Two_Sum", "1_Two_Sum\1_Two_Sum.csproj", "{4A527820-5341-48A6-8FD5-68614ACDA969}"
EndProject
Project("{FAE04EC0-301F-11D3-BF4B-00C04F79EFBC}") = "13_Roman_to_Integer", "13_Roman_to_Integer\13_Roman_to_Integer.csproj", "{09D4F3E9-CE91-4FC5-B867-66DC2DDA25BA}"
EndProject
Project("{FAE04EC0-301F-11D3-BF4B-00C04F79EFBC}") = "9_Palindrome_Number", "9_Palindrome_Number\9_Palindrome_Number.csproj", "{4404A405-55A5-401D-9CCB-5F97EE7D5971}"
EndProject
Project("{FAE04EC0-301F-11D3-BF4B-00C04F79EFBC}") = "21_Merge_Two_Sorted_Lists", "21_Merge_Two_Sorted_Lists\21_Merge_Two_Sorted_Lists.csproj", "{AEB9D6A0-83A3-4C6C-8D9B-31718CEEB92B}"
EndProject
Project("{FAE04EC0-301F-11D3-BF4B-00C04F79EFBC}") = "61_Rotate_List", "61_Rotate_List\61_Rotate_List.csproj", "{BD472A73-4DF3-4EA5-9F26-1F22DFE75B5D}"
EndProject
Project("{FAE04EC0-301F-11D3-BF4B-00C04F79EFBC}") = "LeetCode_Models", "LeetCode_Models\LeetCode_Models.csproj", "{4123BD10-F2FB-4A6F-881B-67AAECA63850}"
EndProject
Project("{FAE04EC0-301F-11D3-BF4B-00C04F79EFBC}") = "203_Remove_Linked_List_Elements", "203_Remove_Linked_List_Elements\203_Remove_Linked_List_Elements.csproj", "{6005DFEF-6762-45FD-84CE-2EFAB700FA93}"
EndProject
Project("{FAE04EC0-301F-11D3-BF4B-00C04F79EFBC}") = "3136_Valid_Word", "3136_Valid_Word\3136_Valid_Word.csproj", "{FA1C5F7C-792F-47F0-A6F7-AF626DB6AC73}"
EndProject
Project("{FAE04EC0-301F-11D3-BF4B-00C04F79EFBC}") = "1392_Is_Subsequence", "1392_Is_Subsequence\1392_Is_Subsequence.csproj", "{44ECA9B7-40D1-484C-8FA2-F92BFE65886F}"
EndProject
Project("{FAE04EC0-301F-11D3-BF4B-00C04F79EFBC}") = "206_Reverse_Linked_List", "206_Reverse_Linked_List\206_Reverse_Linked_List.csproj", "{DA1D03F9-7145-4E21-89EA-0AD74FB357C9}"
EndProject
Project("{FAE04EC0-301F-11D3-BF4B-00C04F79EFBC}") = "0136_Single_Number", "0136_Single_Number\0136_Single_Number.csproj", "{81CC7195-DD64-4B90-A461-8E94B1DA1215}"
EndProject
Project("{FAE04EC0-301F-11D3-BF4B-00C04F79EFBC}") = "0100_Same_Tree", "0100_Same_Tree\0100_Same_Tree.csproj", "{889B1F63-D734-4B74-80BB-C5985859290F}"
EndProject
Project("{FAE04EC0-301F-11D3-BF4B-00C04F79EFBC}") = "104_Maximum_Depth_of_Binary_Tree", "104_Maximum_Depth_of_Binary_Tree\104_Maximum_Depth_of_Binary_Tree.csproj", "{CEB82550-D98C-450C-9C89-661799A571D4}"
EndProject
Project("{FAE04EC0-301F-11D3-BF4B-00C04F79EFBC}") = "872_Leaf_Similar_Trees", "872_Leaf_Similar_Trees\872_Leaf_Similar_Trees.csproj", "{F7263B45-C52A-4A61-A87B-0EE54660528A}"
EndProject
Project("{FAE04EC0-301F-11D3-BF4B-00C04F79EFBC}") = "Sort_number", "Sort_number\Sort_number.csproj", "{466C1A08-5F98-4F62-8205-6B85D18BE166}"
EndProject
Project("{FAE04EC0-301F-11D3-BF4B-00C04F79EFBC}") = "1448_Count_Good_Nodes_in_Binary_Tree", "1448_Count_Good_Nodes_in_Binary_Tree\1448_Count_Good_Nodes_in_Binary_Tree.csproj", "{9F7666C3-9A20-44F5-BEFE-962DAD397DC1}"
EndProject
Global
	GlobalSection(SolutionConfigurationPlatforms) = preSolution
		Debug|Any CPU = Debug|Any CPU
		Release|Any CPU = Release|Any CPU
	EndGlobalSection
	GlobalSection(ProjectConfigurationPlatforms) = postSolution
		{FD2E33D1-DCB8-4BAD-96D7-17BEA848991E}.Debug|Any CPU.ActiveCfg = Debug|Any CPU
		{FD2E33D1-DCB8-4BAD-96D7-17BEA848991E}.Debug|Any CPU.Build.0 = Debug|Any CPU
		{FD2E33D1-DCB8-4BAD-96D7-17BEA848991E}.Release|Any CPU.ActiveCfg = Release|Any CPU
		{FD2E33D1-DCB8-4BAD-96D7-17BEA848991E}.Release|Any CPU.Build.0 = Release|Any CPU
		{4A527820-5341-48A6-8FD5-68614ACDA969}.Debug|Any CPU.ActiveCfg = Debug|Any CPU
		{4A527820-5341-48A6-8FD5-68614ACDA969}.Debug|Any CPU.Build.0 = Debug|Any CPU
		{4A527820-5341-48A6-8FD5-68614ACDA969}.Release|Any CPU.ActiveCfg = Release|Any CPU
		{4A527820-5341-48A6-8FD5-68614ACDA969}.Release|Any CPU.Build.0 = Release|Any CPU
		{09D4F3E9-CE91-4FC5-B867-66DC2DDA25BA}.Debug|Any CPU.ActiveCfg = Debug|Any CPU
		{09D4F3E9-CE91-4FC5-B867-66DC2DDA25BA}.Debug|Any CPU.Build.0 = Debug|Any CPU
		{09D4F3E9-CE91-4FC5-B867-66DC2DDA25BA}.Release|Any CPU.ActiveCfg = Release|Any CPU
		{09D4F3E9-CE91-4FC5-B867-66DC2DDA25BA}.Release|Any CPU.Build.0 = Release|Any CPU
		{4404A405-55A5-401D-9CCB-5F97EE7D5971}.Debug|Any CPU.ActiveCfg = Debug|Any CPU
		{4404A405-55A5-401D-9CCB-5F97EE7D5971}.Debug|Any CPU.Build.0 = Debug|Any CPU
		{4404A405-55A5-401D-9CCB-5F97EE7D5971}.Release|Any CPU.ActiveCfg = Release|Any CPU
		{4404A405-55A5-401D-9CCB-5F97EE7D5971}.Release|Any CPU.Build.0 = Release|Any CPU
		{AEB9D6A0-83A3-4C6C-8D9B-31718CEEB92B}.Debug|Any CPU.ActiveCfg = Debug|Any CPU
		{AEB9D6A0-83A3-4C6C-8D9B-31718CEEB92B}.Debug|Any CPU.Build.0 = Debug|Any CPU
		{AEB9D6A0-83A3-4C6C-8D9B-31718CEEB92B}.Release|Any CPU.ActiveCfg = Release|Any CPU
		{AEB9D6A0-83A3-4C6C-8D9B-31718CEEB92B}.Release|Any CPU.Build.0 = Release|Any CPU
		{BD472A73-4DF3-4EA5-9F26-1F22DFE75B5D}.Debug|Any CPU.ActiveCfg = Debug|Any CPU
		{BD472A73-4DF3-4EA5-9F26-1F22DFE75B5D}.Debug|Any CPU.Build.0 = Debug|Any CPU
		{BD472A73-4DF3-4EA5-9F26-1F22DFE75B5D}.Release|Any CPU.ActiveCfg = Release|Any CPU
		{BD472A73-4DF3-4EA5-9F26-1F22DFE75B5D}.Release|Any CPU.Build.0 = Release|Any CPU
		{4123BD10-F2FB-4A6F-881B-67AAECA63850}.Debug|Any CPU.ActiveCfg = Debug|Any CPU
		{4123BD10-F2FB-4A6F-881B-67AAECA63850}.Debug|Any CPU.Build.0 = Debug|Any CPU
		{4123BD10-F2FB-4A6F-881B-67AAECA63850}.Release|Any CPU.ActiveCfg = Release|Any CPU
		{4123BD10-F2FB-4A6F-881B-67AAECA63850}.Release|Any CPU.Build.0 = Release|Any CPU
		{6005DFEF-6762-45FD-84CE-2EFAB700FA93}.Debug|Any CPU.ActiveCfg = Debug|Any CPU
		{6005DFEF-6762-45FD-84CE-2EFAB700FA93}.Debug|Any CPU.Build.0 = Debug|Any CPU
		{6005DFEF-6762-45FD-84CE-2EFAB700FA93}.Release|Any CPU.ActiveCfg = Release|Any CPU
		{6005DFEF-6762-45FD-84CE-2EFAB700FA93}.Release|Any CPU.Build.0 = Release|Any CPU
		{FA1C5F7C-792F-47F0-A6F7-AF626DB6AC73}.Debug|Any CPU.ActiveCfg = Debug|Any CPU
		{FA1C5F7C-792F-47F0-A6F7-AF626DB6AC73}.Debug|Any CPU.Build.0 = Debug|Any CPU
		{FA1C5F7C-792F-47F0-A6F7-AF626DB6AC73}.Release|Any CPU.ActiveCfg = Release|Any CPU
		{FA1C5F7C-792F-47F0-A6F7-AF626DB6AC73}.Release|Any CPU.Build.0 = Release|Any CPU
		{44ECA9B7-40D1-484C-8FA2-F92BFE65886F}.Debug|Any CPU.ActiveCfg = Debug|Any CPU
		{44ECA9B7-40D1-484C-8FA2-F92BFE65886F}.Debug|Any CPU.Build.0 = Debug|Any CPU
		{44ECA9B7-40D1-484C-8FA2-F92BFE65886F}.Release|Any CPU.ActiveCfg = Release|Any CPU
		{44ECA9B7-40D1-484C-8FA2-F92BFE65886F}.Release|Any CPU.Build.0 = Release|Any CPU
		{DA1D03F9-7145-4E21-89EA-0AD74FB357C9}.Debug|Any CPU.ActiveCfg = Debug|Any CPU
		{DA1D03F9-7145-4E21-89EA-0AD74FB357C9}.Debug|Any CPU.Build.0 = Debug|Any CPU
		{DA1D03F9-7145-4E21-89EA-0AD74FB357C9}.Release|Any CPU.ActiveCfg = Release|Any CPU
		{DA1D03F9-7145-4E21-89EA-0AD74FB357C9}.Release|Any CPU.Build.0 = Release|Any CPU
		{81CC7195-DD64-4B90-A461-8E94B1DA1215}.Debug|Any CPU.ActiveCfg = Debug|Any CPU
		{81CC7195-DD64-4B90-A461-8E94B1DA1215}.Debug|Any CPU.Build.0 = Debug|Any CPU
		{81CC7195-DD64-4B90-A461-8E94B1DA1215}.Release|Any CPU.ActiveCfg = Release|Any CPU
		{81CC7195-DD64-4B90-A461-8E94B1DA1215}.Release|Any CPU.Build.0 = Release|Any CPU
		{889B1F63-D734-4B74-80BB-C5985859290F}.Debug|Any CPU.ActiveCfg = Debug|Any CPU
		{889B1F63-D734-4B74-80BB-C5985859290F}.Debug|Any CPU.Build.0 = Debug|Any CPU
		{889B1F63-D734-4B74-80BB-C5985859290F}.Release|Any CPU.ActiveCfg = Release|Any CPU
		{889B1F63-D734-4B74-80BB-C5985859290F}.Release|Any CPU.Build.0 = Release|Any CPU
		{CEB82550-D98C-450C-9C89-661799A571D4}.Debug|Any CPU.ActiveCfg = Debug|Any CPU
		{CEB82550-D98C-450C-9C89-661799A571D4}.Debug|Any CPU.Build.0 = Debug|Any CPU
		{CEB82550-D98C-450C-9C89-661799A571D4}.Release|Any CPU.ActiveCfg = Release|Any CPU
		{CEB82550-D98C-450C-9C89-661799A571D4}.Release|Any CPU.Build.0 = Release|Any CPU
		{F7263B45-C52A-4A61-A87B-0EE54660528A}.Debug|Any CPU.ActiveCfg = Debug|Any CPU
		{F7263B45-C52A-4A61-A87B-0EE54660528A}.Debug|Any CPU.Build.0 = Debug|Any CPU
		{F7263B45-C52A-4A61-A87B-0EE54660528A}.Release|Any CPU.ActiveCfg = Release|Any CPU
		{F7263B45-C52A-4A61-A87B-0EE54660528A}.Release|Any CPU.Build.0 = Release|Any CPU
		{466C1A08-5F98-4F62-8205-6B85D18BE166}.Debug|Any CPU.ActiveCfg = Debug|Any CPU
		{466C1A08-5F98-4F62-8205-6B85D18BE166}.Debug|Any CPU.Build.0 = Debug|Any CPU
		{466C1A08-5F98-4F62-8205-6B85D18BE166}.Release|Any CPU.ActiveCfg = Release|Any CPU
		{466C1A08-5F98-4F62-8205-6B85D18BE166}.Release|Any CPU.Build.0 = Release|Any CPU
		{9F7666C3-9A20-44F5-BEFE-962DAD397DC1}.Debug|Any CPU.ActiveCfg = Debug|Any CPU
		{9F7666C3-9A20-44F5-BEFE-962DAD397DC1}.Debug|Any CPU.Build.0 = Debug|Any CPU
		{9F7666C3-9A20-44F5-BEFE-962DAD397DC1}.Release|Any CPU.ActiveCfg = Release|Any CPU
		{9F7666C3-9A20-44F5-BEFE-962DAD397DC1}.Release|Any CPU.Build.0 = Release|Any CPU
	EndGlobalSection
EndGlobal
